
Microsoft Visual Studio Solution File, Format Version 12.00
# Visual Studio Version 16
VisualStudioVersion = 16.0.31205.134
MinimumVisualStudioVersion = 10.0.40219.1
Project("{FAE04EC0-301F-11D3-BF4B-00C04F79EFBC}") = "joel-server", "joel-server\joel-server.csproj", "{9DA0508A-CC9F-416A-8139-F09DA329A774}"
EndProject
Global
	GlobalSection(SolutionConfigurationPlatforms) = preSolution
		Debug|Any CPU = Debug|Any CPU
		Release|Any CPU = Release|Any CPU
	EndGlobalSection
	GlobalSection(ProjectConfigurationPlatforms) = postSolution
		{9DA0508A-CC9F-416A-8139-F09DA329A774}.Debug|Any CPU.ActiveCfg = Debug|Any CPU
		{9DA0508A-CC9F-416A-8139-F09DA329A774}.Debug|Any CPU.Build.0 = Debug|Any CPU
		{9DA0508A-CC9F-416A-8139-F09DA329A774}.Release|Any CPU.ActiveCfg = Release|Any CPU
		{9DA0508A-CC9F-416A-8139-F09DA329A774}.Release|Any CPU.Build.0 = Release|Any CPU
	EndGlobalSection
	GlobalSection(SolutionProperties) = preSolution
		HideSolutionNode = FALSE
	EndGlobalSection
	GlobalSection(ExtensibilityGlobals) = postSolution
		SolutionGuid = {31397521-C8A6-4175-8140-744FDD1C97B9}
	EndGlobalSection
EndGlobal
